
Microsoft Visual Studio Solution File, Format Version 12.00
# Visual Studio Version 16
VisualStudioVersion = 16.0.32106.194
MinimumVisualStudioVersion = 10.0.40219.1
Project("{FAE04EC0-301F-11D3-BF4B-00C04F79EFBC}") = "consoleapplicationdemo", "consoleapplicationdemo.csproj", "{98218922-C8DA-427A-8C68-A73FB06D03AF}"
EndProject
Global
	GlobalSection(SolutionConfigurationPlatforms) = preSolution
		Debug|Any CPU = Debug|Any CPU
		Release|Any CPU = Release|Any CPU
	EndGlobalSection
	GlobalSection(ProjectConfigurationPlatforms) = postSolution
		{98218922-C8DA-427A-8C68-A73FB06D03AF}.Debug|Any CPU.ActiveCfg = Debug|Any CPU
		{98218922-C8DA-427A-8C68-A73FB06D03AF}.Debug|Any CPU.Build.0 = Debug|Any CPU
		{98218922-C8DA-427A-8C68-A73FB06D03AF}.Release|Any CPU.ActiveCfg = Release|Any CPU
		{98218922-C8DA-427A-8C68-A73FB06D03AF}.Release|Any CPU.Build.0 = Release|Any CPU
	EndGlobalSection
	GlobalSection(SolutionProperties) = preSolution
		HideSolutionNode = FALSE
	EndGlobalSection
	GlobalSection(ExtensibilityGlobals) = postSolution
		SolutionGuid = {2F2AF03B-369E-44AC-B2BE-C2DD759569C0}
	EndGlobalSection
EndGlobal
